
Microsoft Visual Studio Solution File, Format Version 12.00
# Visual Studio 15
Project("{FAE04EC0-301F-11D3-BF4B-00C04F79EFBC}") = "Assembly-CSharp", "Assembly-CSharp.csproj", "{C6E1C865-7233-6B14-D815-E737780498E6}"
EndProject
Project("{FAE04EC0-301F-11D3-BF4B-00C04F79EFBC}") = "Assembly-CSharp-Editor", "Assembly-CSharp-Editor.csproj", "{765421E5-4837-383F-7931-6ADECD2CABC5}"
EndProject
Global
	GlobalSection(SolutionConfigurationPlatforms) = preSolution
		Debug|Any CPU = Debug|Any CPU
		Release|Any CPU = Release|Any CPU
	EndGlobalSection
	GlobalSection(ProjectConfigurationPlatforms) = postSolution
		{C6E1C865-7233-6B14-D815-E737780498E6}.Debug|Any CPU.ActiveCfg = Debug|Any CPU
		{C6E1C865-7233-6B14-D815-E737780498E6}.Debug|Any CPU.Build.0 = Debug|Any CPU
		{C6E1C865-7233-6B14-D815-E737780498E6}.Release|Any CPU.ActiveCfg = Release|Any CPU
		{C6E1C865-7233-6B14-D815-E737780498E6}.Release|Any CPU.Build.0 = Release|Any CPU
		{765421E5-4837-383F-7931-6ADECD2CABC5}.Debug|Any CPU.ActiveCfg = Debug|Any CPU
		{765421E5-4837-383F-7931-6ADECD2CABC5}.Debug|Any CPU.Build.0 = Debug|Any CPU
		{765421E5-4837-383F-7931-6ADECD2CABC5}.Release|Any CPU.ActiveCfg = Release|Any CPU
		{765421E5-4837-383F-7931-6ADECD2CABC5}.Release|Any CPU.Build.0 = Release|Any CPU
	EndGlobalSection
	GlobalSection(SolutionProperties) = preSolution
		HideSolutionNode = FALSE
	EndGlobalSection
EndGlobal
